
Microsoft Visual Studio Solution File, Format Version 12.00
# Visual Studio Version 17
VisualStudioVersion = 17.7.34003.232
MinimumVisualStudioVersion = 10.0.40219.1
Project("{FAE04EC0-301F-11D3-BF4B-00C04F79EFBC}") = "TherapEasy.WebApi", "TherapEasy.WebApi.csproj", "{511F14BE-90AC-450D-836B-786B59BCA5B9}"
EndProject
Global
	GlobalSection(SolutionConfigurationPlatforms) = preSolution
		Debug|Any CPU = Debug|Any CPU
		Release|Any CPU = Release|Any CPU
	EndGlobalSection
	GlobalSection(ProjectConfigurationPlatforms) = postSolution
		{511F14BE-90AC-450D-836B-786B59BCA5B9}.Debug|Any CPU.ActiveCfg = Debug|Any CPU
		{511F14BE-90AC-450D-836B-786B59BCA5B9}.Debug|Any CPU.Build.0 = Debug|Any CPU
		{511F14BE-90AC-450D-836B-786B59BCA5B9}.Release|Any CPU.ActiveCfg = Release|Any CPU
		{511F14BE-90AC-450D-836B-786B59BCA5B9}.Release|Any CPU.Build.0 = Release|Any CPU
	EndGlobalSection
	GlobalSection(SolutionProperties) = preSolution
		HideSolutionNode = FALSE
	EndGlobalSection
	GlobalSection(ExtensibilityGlobals) = postSolution
		SolutionGuid = {DFC987EE-58B9-4B64-BC13-EC56D11AD479}
	EndGlobalSection
EndGlobal
